<?xml version="1.0" encoding="utf-8"?>
<Project ToolsVersion="4.0" xmlns="http://schemas.microsoft.com/developer/msbuild/2003">
  <ItemGroup>
    <Filter Include="conversions">
      <UniqueIdentifier>{20c9417a-227c-49ad-a153-c8a5ec4471f9}</UniqueIdentifier>
    </Filter>
    <Filter Include="functions">
      <UniqueIdentifier>{544cae37-3bac-463b-9c3c-6078d0e7da5e}</UniqueIdentifier>
    </Filter>
    <Filter Include="register">
      <UniqueIdentifier>{187ac9e2-94a0-4dad-987a-ed6ad91064ef}</UniqueIdentifier>
    </Filter>
  </ItemGroup>
  <ItemGroup>
    <ClInclude Include="conversions\all.hpp">
      <Filter>conversions</Filter>
    </ClInclude>
    <ClInclude Include="conversions\matrixtooper.hpp">
      <Filter>conversions</Filter>
    </ClInclude>
    <ClInclude Include="conversions\opertomatrix.hpp">
      <Filter>conversions</Filter>
    </ClInclude>
    <ClInclude Include="conversions\opertovector.hpp">
      <Filter>conversions</Filter>
    </ClInclude>
    <ClInclude Include="conversions\scalartooper.hpp">
      <Filter>conversions</Filter>
    </ClInclude>
    <ClInclude Include="conversions\vectortooper.hpp">
      <Filter>conversions</Filter>
    </ClInclude>
    <ClInclude Include="register\register_all.hpp">
      <Filter>register</Filter>
    </ClInclude>
  </ItemGroup>
  <ItemGroup>
    <ClCompile Include="conversions\matrixtooper.cpp">
      <Filter>conversions</Filter>
    </ClCompile>
    <ClCompile Include="conversions\opertomatrix.cpp">
      <Filter>conversions</Filter>
    </ClCompile>
    <ClCompile Include="conversions\opertovector.cpp">
      <Filter>conversions</Filter>
    </ClCompile>
    <ClCompile Include="conversions\scalartooper.cpp">
      <Filter>conversions</Filter>
    </ClCompile>
    <ClCompile Include="functions\function_calendars.cpp">
      <Filter>functions</Filter>
    </ClCompile>
    <ClCompile Include="functions\function_couponvectors.cpp">
      <Filter>functions</Filter>
    </ClCompile>
    <ClCompile Include="functions\function_date.cpp">
      <Filter>functions</Filter>
    </ClCompile>
    <ClCompile Include="functions\function_daycounters.cpp">
      <Filter>functions</Filter>
    </ClCompile>
    <ClCompile Include="functions\function_exercise.cpp">
      <Filter>functions</Filter>
    </ClCompile>
    <ClCompile Include="functions\function_handles.cpp">
      <Filter>functions</Filter>
    </ClCompile>
    <ClCompile Include="functions\function_indexes.cpp">
      <Filter>functions</Filter>
    </ClCompile>
    <ClCompile Include="functions\function_instruments.cpp">
      <Filter>functions</Filter>
    </ClCompile>
    <ClCompile Include="functions\function_interpolation.cpp">
      <Filter>functions</Filter>
    </ClCompile>
    <ClCompile Include="functions\function_leg.cpp">
      <Filter>functions</Filter>
    </ClCompile>
    <ClCompile Include="functions\function_math.cpp">
      <Filter>functions</Filter>
    </ClCompile>
    <ClCompile Include="functions\function_models.cpp">
      <Filter>functions</Filter>
    </ClCompile>
    <ClCompile Include="functions\function_payoffs.cpp">
      <Filter>functions</Filter>
    </ClCompile>
    <ClCompile Include="functions\function_piecewiseyieldcurve.cpp">
      <Filter>functions</Filter>
    </ClCompile>
    <ClCompile Include="functions\function_prices.cpp">
      <Filter>functions</Filter>
    </ClCompile>
    <ClCompile Include="functions\function_pricingengines.cpp">
      <Filter>functions</Filter>
    </ClCompile>
    <ClCompile Include="functions\function_processes.cpp">
      <Filter>functions</Filter>
    </ClCompile>
    <ClCompile Include="functions\function_quote.cpp">
      <Filter>functions</Filter>
    </ClCompile>
    <ClCompile Include="functions\function_ratehelpers.cpp">
      <Filter>functions</Filter>
    </ClCompile>
    <ClCompile Include="functions\function_schedule.cpp">
      <Filter>functions</Filter>
    </ClCompile>
    <ClCompile Include="functions\function_settings.cpp">
      <Filter>functions</Filter>
    </ClCompile>
    <ClCompile Include="functions\function_termstructures.cpp">
      <Filter>functions</Filter>
    </ClCompile>
    <ClCompile Include="functions\function_utilities.cpp">
      <Filter>functions</Filter>
    </ClCompile>
    <ClCompile Include="functions\function_vanillaswaps.cpp">
      <Filter>functions</Filter>
    </ClCompile>
    <ClCompile Include="functions\function_volatilities.cpp">
      <Filter>functions</Filter>
    </ClCompile>
    <ClCompile Include="register\register_all.cpp">
      <Filter>register</Filter>
    </ClCompile>
    <ClCompile Include="register\register_calendars.cpp">
      <Filter>register</Filter>
    </ClCompile>
    <ClCompile Include="register\register_couponvectors.cpp">
      <Filter>register</Filter>
    </ClCompile>
    <ClCompile Include="register\register_date.cpp">
      <Filter>register</Filter>
    </ClCompile>
    <ClCompile Include="register\register_daycounters.cpp">
      <Filter>register</Filter>
    </ClCompile>
    <ClCompile Include="register\register_exercise.cpp">
      <Filter>register</Filter>
    </ClCompile>
    <ClCompile Include="register\register_handles.cpp">
      <Filter>register</Filter>
    </ClCompile>
    <ClCompile Include="register\register_indexes.cpp">
      <Filter>register</Filter>
    </ClCompile>
    <ClCompile Include="register\register_instruments.cpp">
      <Filter>register</Filter>
    </ClCompile>
    <ClCompile Include="register\register_interpolation.cpp">
      <Filter>register</Filter>
    </ClCompile>
    <ClCompile Include="register\register_leg.cpp">
      <Filter>register</Filter>
    </ClCompile>
    <ClCompile Include="register\register_math.cpp">
      <Filter>register</Filter>
    </ClCompile>
    <ClCompile Include="register\register_models.cpp">
      <Filter>register</Filter>
    </ClCompile>
    <ClCompile Include="register\register_payoffs.cpp">
      <Filter>register</Filter>
    </ClCompile>
    <ClCompile Include="register\register_piecewiseyieldcurve.cpp">
      <Filter>register</Filter>
    </ClCompile>
    <ClCompile Include="register\register_prices.cpp">
      <Filter>register</Filter>
    </ClCompile>
    <ClCompile Include="register\register_pricingengines.cpp">
      <Filter>register</Filter>
    </ClCompile>
    <ClCompile Include="register\register_processes.cpp">
      <Filter>register</Filter>
    </ClCompile>
    <ClCompile Include="register\register_quote.cpp">
      <Filter>register</Filter>
    </ClCompile>
    <ClCompile Include="register\register_ratehelpers.cpp">
      <Filter>register</Filter>
    </ClCompile>
    <ClCompile Include="register\register_schedule.cpp">
      <Filter>register</Filter>
    </ClCompile>
    <ClCompile Include="register\register_settings.cpp">
      <Filter>register</Filter>
    </ClCompile>
    <ClCompile Include="register\register_termstructures.cpp">
      <Filter>register</Filter>
    </ClCompile>
    <ClCompile Include="register\register_utilities.cpp">
      <Filter>register</Filter>
    </ClCompile>
    <ClCompile Include="register\register_vanillaswaps.cpp">
      <Filter>register</Filter>
    </ClCompile>
    <ClCompile Include="register\register_volatilities.cpp">
      <Filter>register</Filter>
    </ClCompile>
    <ClCompile Include="addin.cpp" />
  </ItemGroup>
</Project>